// !$*UTF8*$!
{
	archiveVersion = 1;
	classes = {
	};
	objectVersion = 46;
	objects = {

/* Begin PBXBuildFile section */
		5B271EA71C6AD337003B2675 /* SettingsVC.swift in Sources */ = {isa = PBXBuildFile; fileRef = 5B271EA61C6AD337003B2675 /* SettingsVC.swift */; };
		5B684BF61C68882E00B32CF3 /* DialView.swift in Sources */ = {isa = PBXBuildFile; fileRef = 5B684BF51C68882E00B32CF3 /* DialView.swift */; };
		5B71050B1C65463F000E11AB /* AppDelegate.swift in Sources */ = {isa = PBXBuildFile; fileRef = 5B71050A1C65463F000E11AB /* AppDelegate.swift */; };
		5B7105101C65463F000E11AB /* Main.storyboard in Resources */ = {isa = PBXBuildFile; fileRef = 5B71050E1C65463F000E11AB /* Main.storyboard */; };
		5B7105121C65463F000E11AB /* Assets.xcassets in Resources */ = {isa = PBXBuildFile; fileRef = 5B7105111C65463F000E11AB /* Assets.xcassets */; };
		5B7105151C65463F000E11AB /* LaunchScreen.storyboard in Resources */ = {isa = PBXBuildFile; fileRef = 5B7105131C65463F000E11AB /* LaunchScreen.storyboard */; };
		5B7105201C654640000E11AB /* BygTypprTests.swift in Sources */ = {isa = PBXBuildFile; fileRef = 5B71051F1C654640000E11AB /* BygTypprTests.swift */; };
		5B71052B1C654640000E11AB /* BygTypprUITests.swift in Sources */ = {isa = PBXBuildFile; fileRef = 5B71052A1C654640000E11AB /* BygTypprUITests.swift */; };
		5B71053C1C6546CE000E11AB /* ControllerVC.swift in Sources */ = {isa = PBXBuildFile; fileRef = 5B71053B1C6546CE000E11AB /* ControllerVC.swift */; };
		5BBD00A91C6B0DCF00D49117 /* Label.swift in Sources */ = {isa = PBXBuildFile; fileRef = 5BBD00A81C6B0DCF00D49117 /* Label.swift */; };
		5BEDB3211C6AC04500602B92 /* Colors.swift in Sources */ = {isa = PBXBuildFile; fileRef = 5BEDB3201C6AC04500602B92 /* Colors.swift */; };
/* End PBXBuildFile section */

/* Begin PBXContainerItemProxy section */
		5B71051C1C654640000E11AB /* PBXContainerItemProxy */ = {
			isa = PBXContainerItemProxy;
			containerPortal = 5B7104FF1C65463F000E11AB /* Project object */;
			proxyType = 1;
			remoteGlobalIDString = 5B7105061C65463F000E11AB;
			remoteInfo = BygTyppr;
		};
		5B7105271C654640000E11AB /* PBXContainerItemProxy */ = {
			isa = PBXContainerItemProxy;
			containerPortal = 5B7104FF1C65463F000E11AB /* Project object */;
			proxyType = 1;
			remoteGlobalIDString = 5B7105061C65463F000E11AB;
			remoteInfo = BygTyppr;
		};
/* End PBXContainerItemProxy section */

/* Begin PBXFileReference section */
		5B271EA61C6AD337003B2675 /* SettingsVC.swift */ = {isa = PBXFileReference; fileEncoding = 4; lastKnownFileType = sourcecode.swift; path = SettingsVC.swift; sourceTree = "<group>"; };
		5B684BF51C68882E00B32CF3 /* DialView.swift */ = {isa = PBXFileReference; fileEncoding = 4; lastKnownFileType = sourcecode.swift; path = DialView.swift; sourceTree = "<group>"; };
		5B7105071C65463F000E11AB /* BygTyppr.app */ = {isa = PBXFileReference; explicitFileType = wrapper.application; includeInIndex = 0; path = BygTyppr.app; sourceTree = BUILT_PRODUCTS_DIR; };
		5B71050A1C65463F000E11AB /* AppDelegate.swift */ = {isa = PBXFileReference; lastKnownFileType = sourcecode.swift; path = AppDelegate.swift; sourceTree = "<group>"; };
		5B71050F1C65463F000E11AB /* Base */ = {isa = PBXFileReference; lastKnownFileType = file.storyboard; name = Base; path = Base.lproj/Main.storyboard; sourceTree = "<group>"; };
		5B7105111C65463F000E11AB /* Assets.xcassets */ = {isa = PBXFileReference; lastKnownFileType = folder.assetcatalog; path = Assets.xcassets; sourceTree = "<group>"; };
		5B7105141C65463F000E11AB /* Base */ = {isa = PBXFileReference; lastKnownFileType = file.storyboard; name = Base; path = Base.lproj/LaunchScreen.storyboard; sourceTree = "<group>"; };
		5B7105161C65463F000E11AB /* Info.plist */ = {isa = PBXFileReference; lastKnownFileType = text.plist.xml; path = Info.plist; sourceTree = "<group>"; };
		5B71051B1C654640000E11AB /* BygTypprTests.xctest */ = {isa = PBXFileReference; explicitFileType = wrapper.cfbundle; includeInIndex = 0; path = BygTypprTests.xctest; sourceTree = BUILT_PRODUCTS_DIR; };
		5B71051F1C654640000E11AB /* BygTypprTests.swift */ = {isa = PBXFileReference; lastKnownFileType = sourcecode.swift; path = BygTypprTests.swift; sourceTree = "<group>"; };
		5B7105211C654640000E11AB /* Info.plist */ = {isa = PBXFileReference; lastKnownFileType = text.plist.xml; path = Info.plist; sourceTree = "<group>"; };
		5B7105261C654640000E11AB /* BygTypprUITests.xctest */ = {isa = PBXFileReference; explicitFileType = wrapper.cfbundle; includeInIndex = 0; path = BygTypprUITests.xctest; sourceTree = BUILT_PRODUCTS_DIR; };
		5B71052A1C654640000E11AB /* BygTypprUITests.swift */ = {isa = PBXFileReference; lastKnownFileType = sourcecode.swift; path = BygTypprUITests.swift; sourceTree = "<group>"; };
		5B71052C1C654640000E11AB /* Info.plist */ = {isa = PBXFileReference; lastKnownFileType = text.plist.xml; path = Info.plist; sourceTree = "<group>"; };
		5B71053B1C6546CE000E11AB /* ControllerVC.swift */ = {isa = PBXFileReference; fileEncoding = 4; lastKnownFileType = sourcecode.swift; path = ControllerVC.swift; sourceTree = "<group>"; };
		5BBD00A81C6B0DCF00D49117 /* Label.swift */ = {isa = PBXFileReference; fileEncoding = 4; lastKnownFileType = sourcecode.swift; path = Label.swift; sourceTree = "<group>"; };
		5BEDB3201C6AC04500602B92 /* Colors.swift */ = {isa = PBXFileReference; fileEncoding = 4; lastKnownFileType = sourcecode.swift; path = Colors.swift; sourceTree = "<group>"; };
/* End PBXFileReference section */

/* Begin PBXFrameworksBuildPhase section */
		5B7105041C65463F000E11AB /* Frameworks */ = {
			isa = PBXFrameworksBuildPhase;
			buildActionMask = 2147483647;
			files = (
			);
			runOnlyForDeploymentPostprocessing = 0;
		};
		5B7105181C654640000E11AB /* Frameworks */ = {
			isa = PBXFrameworksBuildPhase;
			buildActionMask = 2147483647;
			files = (
			);
			runOnlyForDeploymentPostprocessing = 0;
		};
		5B7105231C654640000E11AB /* Frameworks */ = {
			isa = PBXFrameworksBuildPhase;
			buildActionMask = 2147483647;
			files = (
			);
			runOnlyForDeploymentPostprocessing = 0;
		};
/* End PBXFrameworksBuildPhase section */

/* Begin PBXGroup section */
		5B7104FE1C65463F000E11AB = {
			isa = PBXGroup;
			children = (
				5B7105091C65463F000E11AB /* BygTyppr */,
				5B71051E1C654640000E11AB /* BygTypprTests */,
				5B7105291C654640000E11AB /* BygTypprUITests */,
				5B7105081C65463F000E11AB /* Products */,
			);
			sourceTree = "<group>";
		};
		5B7105081C65463F000E11AB /* Products */ = {
			isa = PBXGroup;
			children = (
				5B7105071C65463F000E11AB /* BygTyppr.app */,
				5B71051B1C654640000E11AB /* BygTypprTests.xctest */,
				5B7105261C654640000E11AB /* BygTypprUITests.xctest */,
			);
			name = Products;
			sourceTree = "<group>";
		};
		5B7105091C65463F000E11AB /* BygTyppr */ = {
			isa = PBXGroup;
			children = (
				5B71053D1C6549DE000E11AB /* Views */,
				5B7105381C654676000E11AB /* Controllers */,
				5B71050A1C65463F000E11AB /* AppDelegate.swift */,
				5B71050E1C65463F000E11AB /* Main.storyboard */,
				5B7105111C65463F000E11AB /* Assets.xcassets */,
				5B7105131C65463F000E11AB /* LaunchScreen.storyboard */,
				5B7105161C65463F000E11AB /* Info.plist */,
			);
			path = BygTyppr;
			sourceTree = "<group>";
		};
		5B71051E1C654640000E11AB /* BygTypprTests */ = {
			isa = PBXGroup;
			children = (
				5B71051F1C654640000E11AB /* BygTypprTests.swift */,
				5B7105211C654640000E11AB /* Info.plist */,
			);
			path = BygTypprTests;
			sourceTree = "<group>";
		};
		5B7105291C654640000E11AB /* BygTypprUITests */ = {
			isa = PBXGroup;
			children = (
				5B71052A1C654640000E11AB /* BygTypprUITests.swift */,
				5B71052C1C654640000E11AB /* Info.plist */,
			);
			path = BygTypprUITests;
			sourceTree = "<group>";
		};
		5B7105381C654676000E11AB /* Controllers */ = {
			isa = PBXGroup;
			children = (
				5B71053B1C6546CE000E11AB /* ControllerVC.swift */,
				5B271EA61C6AD337003B2675 /* SettingsVC.swift */,
			);
			name = Controllers;
			sourceTree = "<group>";
		};
		5B71053D1C6549DE000E11AB /* Views */ = {
			isa = PBXGroup;
			children = (
				5B684BF51C68882E00B32CF3 /* DialView.swift */,
				5BEDB3201C6AC04500602B92 /* Colors.swift */,
				5BBD00A81C6B0DCF00D49117 /* Label.swift */,
			);
			name = Views;
			sourceTree = "<group>";
		};
/* End PBXGroup section */

/* Begin PBXNativeTarget section */
		5B7105061C65463F000E11AB /* BygTyppr */ = {
			isa = PBXNativeTarget;
			buildConfigurationList = 5B71052F1C654640000E11AB /* Build configuration list for PBXNativeTarget "BygTyppr" */;
			buildPhases = (
				5B7105031C65463F000E11AB /* Sources */,
				5B7105041C65463F000E11AB /* Frameworks */,
				5B7105051C65463F000E11AB /* Resources */,
			);
			buildRules = (
			);
			dependencies = (
			);
			name = BygTyppr;
			productName = BygTyppr;
			productReference = 5B7105071C65463F000E11AB /* BygTyppr.app */;
			productType = "com.apple.product-type.application";
		};
		5B71051A1C654640000E11AB /* BygTypprTests */ = {
			isa = PBXNativeTarget;
			buildConfigurationList = 5B7105321C654640000E11AB /* Build configuration list for PBXNativeTarget "BygTypprTests" */;
			buildPhases = (
				5B7105171C654640000E11AB /* Sources */,
				5B7105181C654640000E11AB /* Frameworks */,
				5B7105191C654640000E11AB /* Resources */,
			);
			buildRules = (
			);
			dependencies = (
				5B71051D1C654640000E11AB /* PBXTargetDependency */,
			);
			name = BygTypprTests;
			productName = BygTypprTests;
			productReference = 5B71051B1C654640000E11AB /* BygTypprTests.xctest */;
			productType = "com.apple.product-type.bundle.unit-test";
		};
		5B7105251C654640000E11AB /* BygTypprUITests */ = {
			isa = PBXNativeTarget;
			buildConfigurationList = 5B7105351C654640000E11AB /* Build configuration list for PBXNativeTarget "BygTypprUITests" */;
			buildPhases = (
				5B7105221C654640000E11AB /* Sources */,
				5B7105231C654640000E11AB /* Frameworks */,
				5B7105241C654640000E11AB /* Resources */,
			);
			buildRules = (
			);
			dependencies = (
				5B7105281C654640000E11AB /* PBXTargetDependency */,
			);
			name = BygTypprUITests;
			productName = BygTypprUITests;
			productReference = 5B7105261C654640000E11AB /* BygTypprUITests.xctest */;
			productType = "com.apple.product-type.bundle.ui-testing";
		};
/* End PBXNativeTarget section */

/* Begin PBXProject section */
		5B7104FF1C65463F000E11AB /* Project object */ = {
			isa = PBXProject;
			attributes = {
				LastSwiftUpdateCheck = 0720;
				LastUpgradeCheck = 0720;
				ORGANIZATIONNAME = "Joe Henke";
				TargetAttributes = {
					5B7105061C65463F000E11AB = {
						CreatedOnToolsVersion = 7.2.1;
					};
					5B71051A1C654640000E11AB = {
						CreatedOnToolsVersion = 7.2.1;
						TestTargetID = 5B7105061C65463F000E11AB;
					};
					5B7105251C654640000E11AB = {
						CreatedOnToolsVersion = 7.2.1;
						TestTargetID = 5B7105061C65463F000E11AB;
					};
				};
			};
			buildConfigurationList = 5B7105021C65463F000E11AB /* Build configuration list for PBXProject "BygTyppr" */;
			compatibilityVersion = "Xcode 3.2";
			developmentRegion = English;
			hasScannedForEncodings = 0;
			knownRegions = (
				en,
				Base,
			);
			mainGroup = 5B7104FE1C65463F000E11AB;
			productRefGroup = 5B7105081C65463F000E11AB /* Products */;
			projectDirPath = "";
			projectRoot = "";
			targets = (
				5B7105061C65463F000E11AB /* BygTyppr */,
				5B71051A1C654640000E11AB /* BygTypprTests */,
				5B7105251C654640000E11AB /* BygTypprUITests */,
			);
		};
/* End PBXProject section */

/* Begin PBXResourcesBuildPhase section */
		5B7105051C65463F000E11AB /* Resources */ = {
			isa = PBXResourcesBuildPhase;
			buildActionMask = 2147483647;
			files = (
				5B7105151C65463F000E11AB /* LaunchScreen.storyboard in Resources */,
				5B7105121C65463F000E11AB /* Assets.xcassets in Resources */,
				5B7105101C65463F000E11AB /* Main.storyboard in Resources */,
			);
			runOnlyForDeploymentPostprocessing = 0;
		};
		5B7105191C654640000E11AB /* Resources */ = {
			isa = PBXResourcesBuildPhase;
			buildActionMask = 2147483647;
			files = (
			);
			runOnlyForDeploymentPostprocessing = 0;
		};
		5B7105241C654640000E11AB /* Resources */ = {
			isa = PBXResourcesBuildPhase;
			buildActionMask = 2147483647;
			files = (
			);
			runOnlyForDeploymentPostprocessing = 0;
		};
/* End PBXResourcesBuildPhase section */

/* Begin PBXSourcesBuildPhase section */
		5B7105031C65463F000E11AB /* Sources */ = {
			isa = PBXSourcesBuildPhase;
			buildActionMask = 2147483647;
			files = (
				5BEDB3211C6AC04500602B92 /* Colors.swift in Sources */,
				5B71053C1C6546CE000E11AB /* ControllerVC.swift in Sources */,
				5BBD00A91C6B0DCF00D49117 /* Label.swift in Sources */,
				5B684BF61C68882E00B32CF3 /* DialView.swift in Sources */,
				5B71050B1C65463F000E11AB /* AppDelegate.swift in Sources */,
				5B271EA71C6AD337003B2675 /* SettingsVC.swift in Sources */,
			);
			runOnlyForDeploymentPostprocessing = 0;
		};
		5B7105171C654640000E11AB /* Sources */ = {
			isa = PBXSourcesBuildPhase;
			buildActionMask = 2147483647;
			files = (
				5B7105201C654640000E11AB /* BygTypprTests.swift in Sources */,
			);
			runOnlyForDeploymentPostprocessing = 0;
		};
		5B7105221C654640000E11AB /* Sources */ = {
			isa = PBXSourcesBuildPhase;
			buildActionMask = 2147483647;
			files = (
				5B71052B1C654640000E11AB /* BygTypprUITests.swift in Sources */,
			);
			runOnlyForDeploymentPostprocessing = 0;
		};
/* End PBXSourcesBuildPhase section */

/* Begin PBXTargetDependency section */
		5B71051D1C654640000E11AB /* PBXTargetDependency */ = {
			isa = PBXTargetDependency;
			target = 5B7105061C65463F000E11AB /* BygTyppr */;
			targetProxy = 5B71051C1C654640000E11AB /* PBXContainerItemProxy */;
		};
		5B7105281C654640000E11AB /* PBXTargetDependency */ = {
			isa = PBXTargetDependency;
			target = 5B7105061C65463F000E11AB /* BygTyppr */;
			targetProxy = 5B7105271C654640000E11AB /* PBXContainerItemProxy */;
		};
/* End PBXTargetDependency section */

/* Begin PBXVariantGroup section */
		5B71050E1C65463F000E11AB /* Main.storyboard */ = {
			isa = PBXVariantGroup;
			children = (
				5B71050F1C65463F000E11AB /* Base */,
			);
			name = Main.storyboard;
			sourceTree = "<group>";
		};
		5B7105131C65463F000E11AB /* LaunchScreen.storyboard */ = {
			isa = PBXVariantGroup;
			children = (
				5B7105141C65463F000E11AB /* Base */,
			);
			name = LaunchScreen.storyboard;
			sourceTree = "<group>";
		};
/* End PBXVariantGroup section */

/* Begin XCBuildConfiguration section */
		5B71052D1C654640000E11AB /* Debug */ = {
			isa = XCBuildConfiguration;
			buildSettings = {
				ALWAYS_SEARCH_USER_PATHS = NO;
				CLANG_CXX_LANGUAGE_STANDARD = "gnu++0x";
				CLANG_CXX_LIBRARY = "libc++";
				CLANG_ENABLE_MODULES = YES;
				CLANG_ENABLE_OBJC_ARC = YES;
				CLANG_WARN_BOOL_CONVERSION = YES;
				CLANG_WARN_CONSTANT_CONVERSION = YES;
				CLANG_WARN_DIRECT_OBJC_ISA_USAGE = YES_ERROR;
				CLANG_WARN_EMPTY_BODY = YES;
				CLANG_WARN_ENUM_CONVERSION = YES;
				CLANG_WARN_INT_CONVERSION = YES;
				CLANG_WARN_OBJC_ROOT_CLASS = YES_ERROR;
				CLANG_WARN_UNREACHABLE_CODE = YES;
				CLANG_WARN__DUPLICATE_METHOD_MATCH = YES;
				"CODE_SIGN_IDENTITY[sdk=iphoneos*]" = "iPhone Developer";
				COPY_PHASE_STRIP = NO;
				DEBUG_INFORMATION_FORMAT = dwarf;
				ENABLE_STRICT_OBJC_MSGSEND = YES;
				ENABLE_TESTABILITY = YES;
				GCC_C_LANGUAGE_STANDARD = gnu99;
				GCC_DYNAMIC_NO_PIC = NO;
				GCC_NO_COMMON_BLOCKS = YES;
				GCC_OPTIMIZATION_LEVEL = 0;
				GCC_PREPROCESSOR_DEFINITIONS = (
					"DEBUG=1",
					"$(inherited)",
				);
				GCC_WARN_64_TO_32_BIT_CONVERSION = YES;
				GCC_WARN_ABOUT_RETURN_TYPE = YES_ERROR;
				GCC_WARN_UNDECLARED_SELECTOR = YES;
				GCC_WARN_UNINITIALIZED_AUTOS = YES_AGGRESSIVE;
				GCC_WARN_UNUSED_FUNCTION = YES;
				GCC_WARN_UNUSED_VARIABLE = YES;
				IPHONEOS_DEPLOYMENT_TARGET = 9.2;
				MTL_ENABLE_DEBUG_INFO = YES;
				ONLY_ACTIVE_ARCH = YES;
				SDKROOT = iphoneos;
				SWIFT_OPTIMIZATION_LEVEL = "-Onone";
				TARGETED_DEVICE_FAMILY = "1,2";
			};
			name = Debug;
		};
		5B71052E1C654640000E11AB /* Release */ = {
			isa = XCBuildConfiguration;
			buildSettings = {
				ALWAYS_SEARCH_USER_PATHS = NO;
				CLANG_CXX_LANGUAGE_STANDARD = "gnu++0x";
				CLANG_CXX_LIBRARY = "libc++";
				CLANG_ENABLE_MODULES = YES;
				CLANG_ENABLE_OBJC_ARC = YES;
				CLANG_WARN_BOOL_CONVERSION = YES;
				CLANG_WARN_CONSTANT_CONVERSION = YES;
				CLANG_WARN_DIRECT_OBJC_ISA_USAGE = YES_ERROR;
				CLANG_WARN_EMPTY_BODY = YES;
				CLANG_WARN_ENUM_CONVERSION = YES;
				CLANG_WARN_INT_CONVERSION = YES;
				CLANG_WARN_OBJC_ROOT_CLASS = YES_ERROR;
				CLANG_WARN_UNREACHABLE_CODE = YES;
				CLANG_WARN__DUPLICATE_METHOD_MATCH = YES;
				"CODE_SIGN_IDENTITY[sdk=iphoneos*]" = "iPhone Developer";
				COPY_PHASE_STRIP = NO;
				DEBUG_INFORMATION_FORMAT = "dwarf-with-dsym";
				ENABLE_NS_ASSERTIONS = NO;
				ENABLE_STRICT_OBJC_MSGSEND = YES;
				GCC_C_LANGUAGE_STANDARD = gnu99;
				GCC_NO_COMMON_BLOCKS = YES;
				GCC_WARN_64_TO_32_BIT_CONVERSION = YES;
				GCC_WARN_ABOUT_RETURN_TYPE = YES_ERROR;
				GCC_WARN_UNDECLARED_SELECTOR = YES;
				GCC_WARN_UNINITIALIZED_AUTOS = YES_AGGRESSIVE;
				GCC_WARN_UNUSED_FUNCTION = YES;
				GCC_WARN_UNUSED_VARIABLE = YES;
				IPHONEOS_DEPLOYMENT_TARGET = 9.2;
				MTL_ENABLE_DEBUG_INFO = NO;
				SDKROOT = iphoneos;
				TARGETED_DEVICE_FAMILY = "1,2";
				VALIDATE_PRODUCT = YES;
			};
			name = Release;
		};
		5B7105301C654640000E11AB /* Debug */ = {
			isa = XCBuildConfiguration;
			buildSettings = {
				ASSETCATALOG_COMPILER_APPICON_NAME = AppIcon;
				INFOPLIST_FILE = BygTyppr/Info.plist;
				LD_RUNPATH_SEARCH_PATHS = "$(inherited) @executable_path/Frameworks";
				PRODUCT_BUNDLE_IDENTIFIER = self.edu.BygTyppr;
				PRODUCT_NAME = "$(TARGET_NAME)";
			};
			name = Debug;
		};
		5B7105311C654640000E11AB /* Release */ = {
			isa = XCBuildConfiguration;
			buildSettings = {
				ASSETCATALOG_COMPILER_APPICON_NAME = AppIcon;
				INFOPLIST_FILE = BygTyppr/Info.plist;
				LD_RUNPATH_SEARCH_PATHS = "$(inherited) @executable_path/Frameworks";
				PRODUCT_BUNDLE_IDENTIFIER = self.edu.BygTyppr;
				PRODUCT_NAME = "$(TARGET_NAME)";
			};
			name = Release;
		};
		5B7105331C654640000E11AB /* Debug */ = {
			isa = XCBuildConfiguration;
			buildSettings = {
				BUNDLE_LOADER = "$(TEST_HOST)";
				INFOPLIST_FILE = BygTypprTests/Info.plist;
				LD_RUNPATH_SEARCH_PATHS = "$(inherited) @executable_path/Frameworks @loader_path/Frameworks";
				PRODUCT_BUNDLE_IDENTIFIER = self.edu.BygTypprTests;
				PRODUCT_NAME = "$(TARGET_NAME)";
				TEST_HOST = "$(BUILT_PRODUCTS_DIR)/BygTyppr.app/BygTyppr";
			};
			name = Debug;
		};
		5B7105341C654640000E11AB /* Release */ = {
			isa = XCBuildConfiguration;
			buildSettings = {
				BUNDLE_LOADER = "$(TEST_HOST)";
				INFOPLIST_FILE = BygTypprTests/Info.plist;
				LD_RUNPATH_SEARCH_PATHS = "$(inherited) @executable_path/Frameworks @loader_path/Frameworks";
				PRODUCT_BUNDLE_IDENTIFIER = self.edu.BygTypprTests;
				PRODUCT_NAME = "$(TARGET_NAME)";
				TEST_HOST = "$(BUILT_PRODUCTS_DIR)/BygTyppr.app/BygTyppr";
			};
			name = Release;
		};
		5B7105361C654640000E11AB /* Debug */ = {
			isa = XCBuildConfiguration;
			buildSettings = {
				INFOPLIST_FILE = BygTypprUITests/Info.plist;
				LD_RUNPATH_SEARCH_PATHS = "$(inherited) @executable_path/Frameworks @loader_path/Frameworks";
				PRODUCT_BUNDLE_IDENTIFIER = self.edu.BygTypprUITests;
				PRODUCT_NAME = "$(TARGET_NAME)";
				TEST_TARGET_NAME = BygTyppr;
				USES_XCTRUNNER = YES;
			};
			name = Debug;
		};
		5B7105371C654640000E11AB /* Release */ = {
			isa = XCBuildConfiguration;
			buildSettings = {
				INFOPLIST_FILE = BygTypprUITests/Info.plist;
				LD_RUNPATH_SEARCH_PATHS = "$(inherited) @executable_path/Frameworks @loader_path/Frameworks";
				PRODUCT_BUNDLE_IDENTIFIER = self.edu.BygTypprUITests;
				PRODUCT_NAME = "$(TARGET_NAME)";
				TEST_TARGET_NAME = BygTyppr;
				USES_XCTRUNNER = YES;
			};
			name = Release;
		};
/* End XCBuildConfiguration section */

/* Begin XCConfigurationList section */
		5B7105021C65463F000E11AB /* Build configuration list for PBXProject "BygTyppr" */ = {
			isa = XCConfigurationList;
			buildConfigurations = (
				5B71052D1C654640000E11AB /* Debug */,
				5B71052E1C654640000E11AB /* Release */,
			);
			defaultConfigurationIsVisible = 0;
			defaultConfigurationName = Release;
		};
		5B71052F1C654640000E11AB /* Build configuration list for PBXNativeTarget "BygTyppr" */ = {
			isa = XCConfigurationList;
			buildConfigurations = (
				5B7105301C654640000E11AB /* Debug */,
				5B7105311C654640000E11AB /* Release */,
			);
			defaultConfigurationIsVisible = 0;
			defaultConfigurationName = Release;
		};
		5B7105321C654640000E11AB /* Build configuration list for PBXNativeTarget "BygTypprTests" */ = {
			isa = XCConfigurationList;
			buildConfigurations = (
				5B7105331C654640000E11AB /* Debug */,
				5B7105341C654640000E11AB /* Release */,
			);
			defaultConfigurationIsVisible = 0;
			defaultConfigurationName = Release;
		};
		5B7105351C654640000E11AB /* Build configuration list for PBXNativeTarget "BygTypprUITests" */ = {
			isa = XCConfigurationList;
			buildConfigurations = (
				5B7105361C654640000E11AB /* Debug */,
				5B7105371C654640000E11AB /* Release */,
			);
			defaultConfigurationIsVisible = 0;
			defaultConfigurationName = Release;
		};
/* End XCConfigurationList section */
	};
	rootObject = 5B7104FF1C65463F000E11AB /* Project object */;
}
